Microsoft Visual Studio Solution File, Format Version 12.00
# Visual Studio Version 17
VisualStudioVersion = 17.0.31903.59
MinimumVisualStudioVersion = 10.0.40219.1
Project("{97A39E4C-FB0C-44CA-ADB1-E14B79BED9C6}") = "Project_0ed635290ed7458d8382d98909e1761a_20250601200320511622", "Project_0ed635290ed7458d8382d98909e1761a_20250601200320511622.csproj", "{97A39E4C-FB0C-44CA-ADB1-E14B79BED9C6}"
EndProject
Global
    GlobalSection(SolutionConfigurationPlatforms) = preSolution
        Debug|Any CPU = Debug|Any CPU
        Release|Any CPU = Release|Any CPU
    EndGlobalSection
    GlobalSection(ProjectConfigurationPlatforms) = postSolution
        {97A39E4C-FB0C-44CA-ADB1-E14B79BED9C6}.Debug|Any CPU.ActiveCfg = Debug|Any CPU
        {97A39E4C-FB0C-44CA-ADB1-E14B79BED9C6}.Debug|Any CPU.Build.0 = Debug|Any CPU
        {97A39E4C-FB0C-44CA-ADB1-E14B79BED9C6}.Release|Any CPU.ActiveCfg = Release|Any CPU
        {97A39E4C-FB0C-44CA-ADB1-E14B79BED9C6}.Release|Any CPU.Build.0 = Release|Any CPU
    EndGlobalSection
EndGlobal